{
  "name": "avgang",
  "version": "2.0.0",
  "lockfileVersion": 1,
  "requires": true,
  "dependencies": {
    "@babel/polyfill": {
      "version": "7.6.0",
      "resolved": "https://registry.npmjs.org/@babel/polyfill/-/polyfill-7.6.0.tgz",
      "integrity": "sha512-q5BZJI0n/B10VaQQvln1IlDK3BTBJFbADx7tv+oXDPIDZuTo37H5Adb9jhlXm/fEN4Y7/64qD9mnrJJG7rmaTw==",
      "requires": {
        "core-js": "2.6.9",
        "regenerator-runtime": "0.13.3"
      }
    },
    "@entur/sdk": {
      "version": "0.10.7",
      "resolved": "https://registry.npmjs.org/@entur/sdk/-/sdk-0.10.7.tgz",
      "integrity": "sha512-/PH61euSkm/1M6Yk+S2QInkP+WEPYvhgO0nsbr2P4XtLbgOrGMS1u0InKxr3kLljb1S6JOJ3zSHi360gLwfArQ==",
      "requires": {
        "@babel/polyfill": "7.6.0",
        "@turf/bbox": "6.0.1",
        "@turf/destination": "6.0.1",
        "clean-deep": "3.0.5",
        "json-to-graphql-query": "1.9.0",
        "node-fetch": "2.6.0",
        "promise-throttle": "1.0.1",
        "qs": "6.8.0",
        "turf-linestring": "1.0.2",
        "turf-point": "2.0.1"
      }
    },
    "@turf/bbox": {
      "version": "6.0.1",
      "resolved": "https://registry.npmjs.org/@turf/bbox/-/bbox-6.0.1.tgz",
      "integrity": "sha512-EGgaRLettBG25Iyx7VyUINsPpVj1x3nFQFiGS3ER8KCI1MximzNLsam3eXRabqQDjyAKyAE1bJ4EZEpGvspQxw==",
      "requires": {
        "@turf/helpers": "6.1.4",
        "@turf/meta": "6.0.2"
      }
    },
    "@turf/destination": {
      "version": "6.0.1",
      "resolved": "https://registry.npmjs.org/@turf/destination/-/destination-6.0.1.tgz",
      "integrity": "sha512-MroK4nRdp7as174miCAugp8Uvorhe6rZ7MJiC9Hb4+hZR7gNFJyVKmkdDDXIoCYs6MJQsx0buI+gsCpKwgww0Q==",
      "requires": {
        "@turf/helpers": "6.1.4",
        "@turf/invariant": "6.1.2"
      }
    },
    "@turf/helpers": {
      "version": "6.1.4",
      "resolved": "https://registry.npmjs.org/@turf/helpers/-/helpers-6.1.4.tgz",
      "integrity": "sha512-vJvrdOZy1ngC7r3MDA7zIGSoIgyrkWcGnNIEaqn/APmw+bVLF2gAW7HIsdTxd12s5wQMqEpqIQrmrbRRZ0xC7g=="
    },
    "@turf/invariant": {
      "version": "6.1.2",
      "resolved": "https://registry.npmjs.org/@turf/invariant/-/invariant-6.1.2.tgz",
      "integrity": "sha512-WU08Ph8j0J2jVGlQCKChXoCtI50BB3yEH21V++V0T4cR1T27HKCxkehV2sYMwTierfMBgjwSwDIsxnR4/2mWXg==",
      "requires": {
        "@turf/helpers": "6.1.4"
      }
    },
    "@turf/meta": {
      "version": "6.0.2",
      "resolved": "https://registry.npmjs.org/@turf/meta/-/meta-6.0.2.tgz",
      "integrity": "sha512-VA7HJkx7qF1l3+GNGkDVn2oXy4+QoLP6LktXAaZKjuT1JI0YESat7quUkbCMy4zP9lAUuvS4YMslLyTtr919FA==",
      "requires": {
        "@turf/helpers": "6.1.4"
      }
    },
    "clean-deep": {
      "version": "3.0.5",
      "resolved": "https://registry.npmjs.org/clean-deep/-/clean-deep-3.0.5.tgz",
      "integrity": "sha512-mDcvVb534gnGuv2jTw2yMG+RGHrpzNZLAp/qqy46CMHr2hDkfUT17kdrVlKvvrV0GkJ9dqMUICnwMq9Vwbu19w==",
      "requires": {
        "lodash.isempty": "4.4.0",
        "lodash.isplainobject": "4.0.6",
        "lodash.transform": "4.6.0"
      }
    },
    "core-js": {
      "version": "2.6.9",
      "resolved": "https://registry.npmjs.org/core-js/-/core-js-2.6.9.tgz",
      "integrity": "sha512-HOpZf6eXmnl7la+cUdMnLvUxKNqLUzJvgIziQ0DiF3JwSImNphIqdGqzj6hIKyX04MmV0poclQ7+wjWvxQyR2A=="
    },
    "json-to-graphql-query": {
      "version": "1.9.0",
      "resolved": "https://registry.npmjs.org/json-to-graphql-query/-/json-to-graphql-query-1.9.0.tgz",
      "integrity": "sha512-SXZzxv5J7AQgdmJBkq94mIStjDxuWmecLhsNYTENm+Fzil1qyt6PiKDvq4cHjFJKXB6Qp4TedZxElyRHr7oPYw=="
    },
    "lodash.isempty": {
      "version": "4.4.0",
      "resolved": "https://registry.npmjs.org/lodash.isempty/-/lodash.isempty-4.4.0.tgz",
      "integrity": "sha1-b4bL7di+TsmHvpqvM8loTbGzHn4="
    },
    "lodash.isplainobject": {
      "version": "4.0.6",
      "resolved": "https://registry.npmjs.org/lodash.isplainobject/-/lodash.isplainobject-4.0.6.tgz",
      "integrity": "sha1-fFJqUtibRcRcxpC4gWO+BJf1UMs="
    },
    "lodash.transform": {
      "version": "4.6.0",
      "resolved": "https://registry.npmjs.org/lodash.transform/-/lodash.transform-4.6.0.tgz",
      "integrity": "sha1-EjBkIvYzJK7YSD0/ODMrX2cFR6A="
    },
    "minimist": {
      "version": "1.2.0",
      "resolved": "https://registry.npmjs.org/minimist/-/minimist-1.2.0.tgz",
      "integrity": "sha1-o1AIsg9BOD7sH7kU9M1d95omQoQ="
    },
    "node-fetch": {
      "version": "2.6.0",
      "resolved": "https://registry.npmjs.org/node-fetch/-/node-fetch-2.6.0.tgz",
      "integrity": "sha512-8dG4H5ujfvFiqDmVu9fQ5bOHUC15JMjMY/Zumv26oOvvVJjM67KF8koCWIabKQ1GJIa9r2mMZscBq/TbdOcmNA=="
    },
    "promise-throttle": {
      "version": "1.0.1",
      "resolved": "https://registry.npmjs.org/promise-throttle/-/promise-throttle-1.0.1.tgz",
      "integrity": "sha512-pdiK8b2RU2e93U0rBK7YyO18x74OQPsg3sFmyCGGNYNbfnyUwWiU5g6mFgWtOW8KsPnCYVHIOzm1iRwv0YWXrw=="
    },
    "qs": {
      "version": "6.8.0",
      "resolved": "https://registry.npmjs.org/qs/-/qs-6.8.0.tgz",
      "integrity": "sha512-tPSkj8y92PfZVbinY1n84i1Qdx75lZjMQYx9WZhnkofyxzw2r7Ho39G3/aEvSUdebxpnnM4LZJCtvE/Aq3+s9w=="
    },
    "regenerator-runtime": {
      "version": "0.13.3",
      "resolved": "https://registry.npmjs.org/regenerator-runtime/-/regenerator-runtime-0.13.3.tgz",
      "integrity": "sha512-naKIZz2GQ8JWh///G7L3X6LaQUAMp2lvb1rvwwsURe/VXwD6VMfr+/1NuNw3ag8v2kY1aQ/go5SNn79O9JU7yw=="
    },
    "turf-linestring": {
      "version": "1.0.2",
      "resolved": "https://registry.npmjs.org/turf-linestring/-/turf-linestring-1.0.2.tgz",
      "integrity": "sha1-YEpjp8VMk0arnznyc7u37OBaMJY="
    },
    "turf-point": {
      "version": "2.0.1",
      "resolved": "https://registry.npmjs.org/turf-point/-/turf-point-2.0.1.tgz",
      "integrity": "sha1-otzDCi0g9Ez1xicd97riwOIUYGk=",
      "requires": {
        "minimist": "1.2.0"
      }
    }
  }
}
